
Microsoft Visual Studio Solution File, Format Version 12.00
# Visual Studio 2012
Project("{8BC9CEB8-8B4A-11D0-8D11-00A0C91BC942}") = "TestRTSP", "TestRTSP.vcxproj", "{E5654F21-4C1E-47ED-A31B-6CD7556BF6A5}"
	ProjectSection(ProjectDependencies) = postProject
		{5F46CFC5-EBC2-4A0A-83B2-4FD1822704FE} = {5F46CFC5-EBC2-4A0A-83B2-4FD1822704FE}
	EndProjectSection
EndProject
Project("{8BC9CEB8-8B4A-11D0-8D11-00A0C91BC942}") = "H264", "..\H264\H264.vcxproj", "{5F46CFC5-EBC2-4A0A-83B2-4FD1822704FE}"
EndProject
Global
	GlobalSection(SolutionConfigurationPlatforms) = preSolution
		Debug|Win32 = Debug|Win32
		Release|Win32 = Release|Win32
	EndGlobalSection
	GlobalSection(ProjectConfigurationPlatforms) = postSolution
		{E5654F21-4C1E-47ED-A31B-6CD7556BF6A5}.Debug|Win32.ActiveCfg = Debug|Win32
		{E5654F21-4C1E-47ED-A31B-6CD7556BF6A5}.Debug|Win32.Build.0 = Debug|Win32
		{E5654F21-4C1E-47ED-A31B-6CD7556BF6A5}.Release|Win32.ActiveCfg = Release|Win32
		{E5654F21-4C1E-47ED-A31B-6CD7556BF6A5}.Release|Win32.Build.0 = Release|Win32
		{5F46CFC5-EBC2-4A0A-83B2-4FD1822704FE}.Debug|Win32.ActiveCfg = Debug|Win32
		{5F46CFC5-EBC2-4A0A-83B2-4FD1822704FE}.Debug|Win32.Build.0 = Debug|Win32
		{5F46CFC5-EBC2-4A0A-83B2-4FD1822704FE}.Release|Win32.ActiveCfg = Release|Win32
		{5F46CFC5-EBC2-4A0A-83B2-4FD1822704FE}.Release|Win32.Build.0 = Release|Win32
	EndGlobalSection
	GlobalSection(SolutionProperties) = preSolution
		HideSolutionNode = FALSE
	EndGlobalSection
EndGlobal
